// !$*UTF8*$!
{
	archiveVersion = 1;
	classes = {
	};
	objectVersion = 50;
	objects = {

/* Begin PBXBuildFile section */
		B9CB5EE988BDDA3484BF3855 /* Pods_DoorDashLab.framework in Frameworks */ = {isa = PBXBuildFile; fileRef = 358F471207E48D1B3D7D673F /* Pods_DoorDashLab.framework */; };
		C54BBCD134530D16B9CFC987 /* libPods-DoorDashLabTests.a in Frameworks */ = {isa = PBXBuildFile; fileRef = 19185C24F915AF4DA9B40CD7 /* libPods-DoorDashLabTests.a */; };
		D14BF1C822C61ABF0002F2D3 /* Main.storyboard in Resources */ = {isa = PBXBuildFile; fileRef = D14BF1C622C61ABF0002F2D3 /* Main.storyboard */; };
		D14BF1CA22C61AC10002F2D3 /* Assets.xcassets in Resources */ = {isa = PBXBuildFile; fileRef = D14BF1C922C61AC10002F2D3 /* Assets.xcassets */; };
		D14BF1CD22C61AC10002F2D3 /* LaunchScreen.storyboard in Resources */ = {isa = PBXBuildFile; fileRef = D14BF1CB22C61AC10002F2D3 /* LaunchScreen.storyboard */; };
		D14BF1EB22C61C650002F2D3 /* AppDelegate.swift in Sources */ = {isa = PBXBuildFile; fileRef = D14BF1E522C61C650002F2D3 /* AppDelegate.swift */; };
		D14BF1EC22C61C650002F2D3 /* DoorDashLab.xcdatamodeld in Sources */ = {isa = PBXBuildFile; fileRef = D14BF1E922C61C650002F2D3 /* DoorDashLab.xcdatamodeld */; };
		D14BF1F222C61F010002F2D3 /* ExploreMapViewController.swift in Sources */ = {isa = PBXBuildFile; fileRef = D14BF1F122C61F010002F2D3 /* ExploreMapViewController.swift */; };
		D14BF1F422C61F570002F2D3 /* ExploreViewController.swift in Sources */ = {isa = PBXBuildFile; fileRef = D14BF1F322C61F570002F2D3 /* ExploreViewController.swift */; };
		D14BF1F622C61F780002F2D3 /* FavoritesViewController.swift in Sources */ = {isa = PBXBuildFile; fileRef = D14BF1F522C61F780002F2D3 /* FavoritesViewController.swift */; };
		D14BF1F822C61F860002F2D3 /* FavoritesViewController.storyboard in Resources */ = {isa = PBXBuildFile; fileRef = D14BF1F722C61F860002F2D3 /* FavoritesViewController.storyboard */; };
		D14BF1FA22C61F990002F2D3 /* ExploreViewController.storyboard in Resources */ = {isa = PBXBuildFile; fileRef = D14BF1F922C61F990002F2D3 /* ExploreViewController.storyboard */; };
		D14BF1FC22C6210E0002F2D3 /* ExploreMapViewController.storyboard in Resources */ = {isa = PBXBuildFile; fileRef = D14BF1FB22C6210E0002F2D3 /* ExploreMapViewController.storyboard */; };
		D14BF20322C626CB0002F2D3 /* Store+CoreDataProperties.swift in Sources */ = {isa = PBXBuildFile; fileRef = D14BF20122C626CB0002F2D3 /* Store+CoreDataProperties.swift */; };
		D14BF20422C626CB0002F2D3 /* Store+CoreDataClass.swift in Sources */ = {isa = PBXBuildFile; fileRef = D14BF20222C626CB0002F2D3 /* Store+CoreDataClass.swift */; };
		D14BF20622C633050002F2D3 /* API.swift in Sources */ = {isa = PBXBuildFile; fileRef = D14BF20522C633050002F2D3 /* API.swift */; };
		D14BF20822C633140002F2D3 /* ServiceManager.swift in Sources */ = {isa = PBXBuildFile; fileRef = D14BF20722C633140002F2D3 /* ServiceManager.swift */; };
		D14BF20B22C634EC0002F2D3 /* JsonUtility.swift in Sources */ = {isa = PBXBuildFile; fileRef = D14BF20A22C634EC0002F2D3 /* JsonUtility.swift */; };
		D14BF20D22C63EB20002F2D3 /* URLImage.swift in Sources */ = {isa = PBXBuildFile; fileRef = D14BF20C22C63EB20002F2D3 /* URLImage.swift */; };
		D14BF20F22C6C8D10002F2D3 /* SplitViewController.swift in Sources */ = {isa = PBXBuildFile; fileRef = D14BF20E22C6C8D10002F2D3 /* SplitViewController.swift */; };
		D14BF21422C774070002F2D3 /* SpotLocatoinService.swift in Sources */ = {isa = PBXBuildFile; fileRef = D14BF21322C774070002F2D3 /* SpotLocatoinService.swift */; };
		D14BF21622C7751D0002F2D3 /* DraggablePlacemark.swift in Sources */ = {isa = PBXBuildFile; fileRef = D14BF21522C7751D0002F2D3 /* DraggablePlacemark.swift */; };
		D14BF21822C77AC50002F2D3 /* MKAnnotationView+Extension.swift in Sources */ = {isa = PBXBuildFile; fileRef = D14BF21722C77AC50002F2D3 /* MKAnnotationView+Extension.swift */; };
		D14BF21A22C80E870002F2D3 /* ExploreTableCell.swift in Sources */ = {isa = PBXBuildFile; fileRef = D14BF21922C80E870002F2D3 /* ExploreTableCell.swift */; };
		D14BF21C22C816E20002F2D3 /* Tabs.storyboard in Resources */ = {isa = PBXBuildFile; fileRef = D14BF21B22C816E20002F2D3 /* Tabs.storyboard */; };
		D14BF21E22C81D9A0002F2D3 /* UIViewController+Alerts.swift in Sources */ = {isa = PBXBuildFile; fileRef = D14BF21D22C81D9A0002F2D3 /* UIViewController+Alerts.swift */; };
		D14BF22122C823A00002F2D3 /* SizeClass.swift in Sources */ = {isa = PBXBuildFile; fileRef = D14BF22022C823A00002F2D3 /* SizeClass.swift */; };
		D14BF22322C8C5150002F2D3 /* DDNavigationBarAppearance.swift in Sources */ = {isa = PBXBuildFile; fileRef = D14BF22222C8C5150002F2D3 /* DDNavigationBarAppearance.swift */; };
		D14BF22922C8F5BA0002F2D3 /* SpotLocatoinServiceTests.swift in Sources */ = {isa = PBXBuildFile; fileRef = D14BF22822C8F5BA0002F2D3 /* SpotLocatoinServiceTests.swift */; };
		D14BF22B22C8F72D0002F2D3 /* ExploreMapViewControllerTests.swift in Sources */ = {isa = PBXBuildFile; fileRef = D14BF22A22C8F72D0002F2D3 /* ExploreMapViewControllerTests.swift */; };
		D14BF22D22C904290002F2D3 /* ExploreViewControllerTests.swift in Sources */ = {isa = PBXBuildFile; fileRef = D14BF22C22C904290002F2D3 /* ExploreViewControllerTests.swift */; };
		D14BF22F22CA91E70002F2D3 /* MapAnnotation.xib in Resources */ = {isa = PBXBuildFile; fileRef = D14BF22E22CA91E70002F2D3 /* MapAnnotation.xib */; };
		D14BF23122CA943E0002F2D3 /* MapPinAnnotationView.swift in Sources */ = {isa = PBXBuildFile; fileRef = D14BF23022CA943E0002F2D3 /* MapPinAnnotationView.swift */; };
/* End PBXBuildFile section */

/* Begin PBXContainerItemProxy section */
		D14BF1D422C61AC10002F2D3 /* PBXContainerItemProxy */ = {
			isa = PBXContainerItemProxy;
			containerPortal = D14BF1B222C61ABF0002F2D3 /* Project object */;
			proxyType = 1;
			remoteGlobalIDString = D14BF1B922C61ABF0002F2D3;
			remoteInfo = DoorDashLab;
		};
/* End PBXContainerItemProxy section */

/* Begin PBXFileReference section */
		144A9E007DF173129534A2CB /* Pods-DoorDashLab.release.xcconfig */ = {isa = PBXFileReference; includeInIndex = 1; lastKnownFileType = text.xcconfig; name = "Pods-DoorDashLab.release.xcconfig"; path = "Pods/Target Support Files/Pods-DoorDashLab/Pods-DoorDashLab.release.xcconfig"; sourceTree = "<group>"; };
		19185C24F915AF4DA9B40CD7 /* libPods-DoorDashLabTests.a */ = {isa = PBXFileReference; explicitFileType = archive.ar; includeInIndex = 0; path = "libPods-DoorDashLabTests.a"; sourceTree = BUILT_PRODUCTS_DIR; };
		227CCC7265DE4F156C0EB11F /* Pods-DoorDashLabTests.release.xcconfig */ = {isa = PBXFileReference; includeInIndex = 1; lastKnownFileType = text.xcconfig; name = "Pods-DoorDashLabTests.release.xcconfig"; path = "Pods/Target Support Files/Pods-DoorDashLabTests/Pods-DoorDashLabTests.release.xcconfig"; sourceTree = "<group>"; };
		358F471207E48D1B3D7D673F /* Pods_DoorDashLab.framework */ = {isa = PBXFileReference; explicitFileType = wrapper.framework; includeInIndex = 0; path = Pods_DoorDashLab.framework; sourceTree = BUILT_PRODUCTS_DIR; };
		6E6FF991E4FA613E1D93BC94 /* Pods-DoorDashLab.debug.xcconfig */ = {isa = PBXFileReference; includeInIndex = 1; lastKnownFileType = text.xcconfig; name = "Pods-DoorDashLab.debug.xcconfig"; path = "Pods/Target Support Files/Pods-DoorDashLab/Pods-DoorDashLab.debug.xcconfig"; sourceTree = "<group>"; };
		95DDC2C609E75232BA3E19DE /* Pods-DoorDashLabTests.debug.xcconfig */ = {isa = PBXFileReference; includeInIndex = 1; lastKnownFileType = text.xcconfig; name = "Pods-DoorDashLabTests.debug.xcconfig"; path = "Pods/Target Support Files/Pods-DoorDashLabTests/Pods-DoorDashLabTests.debug.xcconfig"; sourceTree = "<group>"; };
		D14BF1BA22C61ABF0002F2D3 /* DoorDashLab.app */ = {isa = PBXFileReference; explicitFileType = wrapper.application; includeInIndex = 0; path = DoorDashLab.app; sourceTree = BUILT_PRODUCTS_DIR; };
		D14BF1C722C61ABF0002F2D3 /* Base */ = {isa = PBXFileReference; lastKnownFileType = file.storyboard; name = Base; path = Base.lproj/Main.storyboard; sourceTree = "<group>"; };
		D14BF1C922C61AC10002F2D3 /* Assets.xcassets */ = {isa = PBXFileReference; lastKnownFileType = folder.assetcatalog; path = Assets.xcassets; sourceTree = "<group>"; };
		D14BF1CC22C61AC10002F2D3 /* Base */ = {isa = PBXFileReference; lastKnownFileType = file.storyboard; name = Base; path = Base.lproj/LaunchScreen.storyboard; sourceTree = "<group>"; };
		D14BF1CE22C61AC10002F2D3 /* Info.plist */ = {isa = PBXFileReference; lastKnownFileType = text.plist.xml; path = Info.plist; sourceTree = "<group>"; };
		D14BF1D322C61AC10002F2D3 /* DoorDashLabTests.xctest */ = {isa = PBXFileReference; explicitFileType = wrapper.cfbundle; includeInIndex = 0; path = DoorDashLabTests.xctest; sourceTree = BUILT_PRODUCTS_DIR; };
		D14BF1D922C61AC10002F2D3 /* Info.plist */ = {isa = PBXFileReference; lastKnownFileType = text.plist.xml; path = Info.plist; sourceTree = "<group>"; };
		D14BF1E522C61C650002F2D3 /* AppDelegate.swift */ = {isa = PBXFileReference; fileEncoding = 4; lastKnownFileType = sourcecode.swift; path = AppDelegate.swift; sourceTree = "<group>"; };
		D14BF1EA22C61C650002F2D3 /* DoorDashLab.xcdatamodel */ = {isa = PBXFileReference; lastKnownFileType = wrapper.xcdatamodel; path = DoorDashLab.xcdatamodel; sourceTree = "<group>"; };
		D14BF1F122C61F010002F2D3 /* ExploreMapViewController.swift */ = {isa = PBXFileReference; lastKnownFileType = sourcecode.swift; path = ExploreMapViewController.swift; sourceTree = "<group>"; };
		D14BF1F322C61F570002F2D3 /* ExploreViewController.swift */ = {isa = PBXFileReference; lastKnownFileType = sourcecode.swift; path = ExploreViewController.swift; sourceTree = "<group>"; };
		D14BF1F522C61F780002F2D3 /* FavoritesViewController.swift */ = {isa = PBXFileReference; lastKnownFileType = sourcecode.swift; path = FavoritesViewController.swift; sourceTree = "<group>"; };
		D14BF1F722C61F860002F2D3 /* FavoritesViewController.storyboard */ = {isa = PBXFileReference; lastKnownFileType = file.storyboard; path = FavoritesViewController.storyboard; sourceTree = "<group>"; };
		D14BF1F922C61F990002F2D3 /* ExploreViewController.storyboard */ = {isa = PBXFileReference; lastKnownFileType = file.storyboard; path = ExploreViewController.storyboard; sourceTree = "<group>"; };
		D14BF1FB22C6210E0002F2D3 /* ExploreMapViewController.storyboard */ = {isa = PBXFileReference; lastKnownFileType = file.storyboard; path = ExploreMapViewController.storyboard; sourceTree = "<group>"; };
		D14BF20122C626CB0002F2D3 /* Store+CoreDataProperties.swift */ = {isa = PBXFileReference; fileEncoding = 4; lastKnownFileType = sourcecode.swift; path = "Store+CoreDataProperties.swift"; sourceTree = "<group>"; };
		D14BF20222C626CB0002F2D3 /* Store+CoreDataClass.swift */ = {isa = PBXFileReference; fileEncoding = 4; lastKnownFileType = sourcecode.swift; path = "Store+CoreDataClass.swift"; sourceTree = "<group>"; };
		D14BF20522C633050002F2D3 /* API.swift */ = {isa = PBXFileReference; lastKnownFileType = sourcecode.swift; path = API.swift; sourceTree = "<group>"; };
		D14BF20722C633140002F2D3 /* ServiceManager.swift */ = {isa = PBXFileReference; lastKnownFileType = sourcecode.swift; path = ServiceManager.swift; sourceTree = "<group>"; };
		D14BF20A22C634EC0002F2D3 /* JsonUtility.swift */ = {isa = PBXFileReference; lastKnownFileType = sourcecode.swift; path = JsonUtility.swift; sourceTree = "<group>"; };
		D14BF20C22C63EB20002F2D3 /* URLImage.swift */ = {isa = PBXFileReference; lastKnownFileType = sourcecode.swift; path = URLImage.swift; sourceTree = "<group>"; };
		D14BF20E22C6C8D10002F2D3 /* SplitViewController.swift */ = {isa = PBXFileReference; lastKnownFileType = sourcecode.swift; path = SplitViewController.swift; sourceTree = "<group>"; };
		D14BF21322C774070002F2D3 /* SpotLocatoinService.swift */ = {isa = PBXFileReference; fileEncoding = 4; lastKnownFileType = sourcecode.swift; path = SpotLocatoinService.swift; sourceTree = "<group>"; };
		D14BF21522C7751D0002F2D3 /* DraggablePlacemark.swift */ = {isa = PBXFileReference; lastKnownFileType = sourcecode.swift; path = DraggablePlacemark.swift; sourceTree = "<group>"; };
		D14BF21722C77AC50002F2D3 /* MKAnnotationView+Extension.swift */ = {isa = PBXFileReference; lastKnownFileType = sourcecode.swift; path = "MKAnnotationView+Extension.swift"; sourceTree = "<group>"; };
		D14BF21922C80E870002F2D3 /* ExploreTableCell.swift */ = {isa = PBXFileReference; lastKnownFileType = sourcecode.swift; path = ExploreTableCell.swift; sourceTree = "<group>"; };
		D14BF21B22C816E20002F2D3 /* Tabs.storyboard */ = {isa = PBXFileReference; lastKnownFileType = file.storyboard; path = Tabs.storyboard; sourceTree = "<group>"; };
		D14BF21D22C81D9A0002F2D3 /* UIViewController+Alerts.swift */ = {isa = PBXFileReference; lastKnownFileType = sourcecode.swift; path = "UIViewController+Alerts.swift"; sourceTree = "<group>"; };
		D14BF22022C823A00002F2D3 /* SizeClass.swift */ = {isa = PBXFileReference; lastKnownFileType = sourcecode.swift; path = SizeClass.swift; sourceTree = "<group>"; };
		D14BF22222C8C5150002F2D3 /* DDNavigationBarAppearance.swift */ = {isa = PBXFileReference; lastKnownFileType = sourcecode.swift; path = DDNavigationBarAppearance.swift; sourceTree = "<group>"; };
		D14BF22822C8F5BA0002F2D3 /* SpotLocatoinServiceTests.swift */ = {isa = PBXFileReference; lastKnownFileType = sourcecode.swift; path = SpotLocatoinServiceTests.swift; sourceTree = "<group>"; };
		D14BF22A22C8F72D0002F2D3 /* ExploreMapViewControllerTests.swift */ = {isa = PBXFileReference; lastKnownFileType = sourcecode.swift; path = ExploreMapViewControllerTests.swift; sourceTree = "<group>"; };
		D14BF22C22C904290002F2D3 /* ExploreViewControllerTests.swift */ = {isa = PBXFileReference; lastKnownFileType = sourcecode.swift; path = ExploreViewControllerTests.swift; sourceTree = "<group>"; };
		D14BF22E22CA91E70002F2D3 /* MapAnnotation.xib */ = {isa = PBXFileReference; lastKnownFileType = file.xib; path = MapAnnotation.xib; sourceTree = "<group>"; };
		D14BF23022CA943E0002F2D3 /* MapPinAnnotationView.swift */ = {isa = PBXFileReference; lastKnownFileType = sourcecode.swift; path = MapPinAnnotationView.swift; sourceTree = "<group>"; };
/* End PBXFileReference section */

/* Begin PBXFrameworksBuildPhase section */
		D14BF1B722C61ABF0002F2D3 /* Frameworks */ = {
			isa = PBXFrameworksBuildPhase;
			buildActionMask = 2147483647;
			files = (
				B9CB5EE988BDDA3484BF3855 /* Pods_DoorDashLab.framework in Frameworks */,
			);
			runOnlyForDeploymentPostprocessing = 0;
		};
		D14BF1D022C61AC10002F2D3 /* Frameworks */ = {
			isa = PBXFrameworksBuildPhase;
			buildActionMask = 2147483647;
			files = (
				C54BBCD134530D16B9CFC987 /* libPods-DoorDashLabTests.a in Frameworks */,
			);
			runOnlyForDeploymentPostprocessing = 0;
		};
/* End PBXFrameworksBuildPhase section */

/* Begin PBXGroup section */
		2C401F5CAAE182C0FCE54715 /* Frameworks */ = {
			isa = PBXGroup;
			children = (
				358F471207E48D1B3D7D673F /* Pods_DoorDashLab.framework */,
				19185C24F915AF4DA9B40CD7 /* libPods-DoorDashLabTests.a */,
			);
			name = Frameworks;
			sourceTree = "<group>";
		};
		757BB35B2C1EF9F8718673B3 /* Pods */ = {
			isa = PBXGroup;
			children = (
				6E6FF991E4FA613E1D93BC94 /* Pods-DoorDashLab.debug.xcconfig */,
				144A9E007DF173129534A2CB /* Pods-DoorDashLab.release.xcconfig */,
				95DDC2C609E75232BA3E19DE /* Pods-DoorDashLabTests.debug.xcconfig */,
				227CCC7265DE4F156C0EB11F /* Pods-DoorDashLabTests.release.xcconfig */,
			);
			name = Pods;
			sourceTree = "<group>";
		};
		D14BF1B122C61ABF0002F2D3 = {
			isa = PBXGroup;
			children = (
				D14BF1BC22C61ABF0002F2D3 /* DoorDashLab */,
				D14BF1D622C61AC10002F2D3 /* DoorDashLabTests */,
				D14BF1BB22C61ABF0002F2D3 /* Products */,
				757BB35B2C1EF9F8718673B3 /* Pods */,
				2C401F5CAAE182C0FCE54715 /* Frameworks */,
			);
			sourceTree = "<group>";
		};
		D14BF1BB22C61ABF0002F2D3 /* Products */ = {
			isa = PBXGroup;
			children = (
				D14BF1BA22C61ABF0002F2D3 /* DoorDashLab.app */,
				D14BF1D322C61AC10002F2D3 /* DoorDashLabTests.xctest */,
			);
			name = Products;
			sourceTree = "<group>";
		};
		D14BF1BC22C61ABF0002F2D3 /* DoorDashLab */ = {
			isa = PBXGroup;
			children = (
				D14BF1E422C61C650002F2D3 /* Application */,
				D14BF1E622C61C650002F2D3 /* Common */,
				D14BF1E222C61C650002F2D3 /* Map */,
				D14BF1E822C61C650002F2D3 /* Model */,
				D14BF1E322C61C650002F2D3 /* Tabs */,
				D14BF1C622C61ABF0002F2D3 /* Main.storyboard */,
				D14BF1C922C61AC10002F2D3 /* Assets.xcassets */,
				D14BF1CB22C61AC10002F2D3 /* LaunchScreen.storyboard */,
				D14BF1CE22C61AC10002F2D3 /* Info.plist */,
			);
			path = DoorDashLab;
			sourceTree = "<group>";
		};
		D14BF1D622C61AC10002F2D3 /* DoorDashLabTests */ = {
			isa = PBXGroup;
			children = (
				D14BF1D922C61AC10002F2D3 /* Info.plist */,
				D14BF22822C8F5BA0002F2D3 /* SpotLocatoinServiceTests.swift */,
				D14BF22A22C8F72D0002F2D3 /* ExploreMapViewControllerTests.swift */,
				D14BF22C22C904290002F2D3 /* ExploreViewControllerTests.swift */,
			);
			path = DoorDashLabTests;
			sourceTree = "<group>";
		};
		D14BF1E222C61C650002F2D3 /* Map */ = {
			isa = PBXGroup;
			children = (
				D14BF1F122C61F010002F2D3 /* ExploreMapViewController.swift */,
				D14BF1FB22C6210E0002F2D3 /* ExploreMapViewController.storyboard */,
				D14BF23022CA943E0002F2D3 /* MapPinAnnotationView.swift */,
				D14BF22E22CA91E70002F2D3 /* MapAnnotation.xib */,
			);
			path = Map;
			sourceTree = "<group>";
		};
		D14BF1E322C61C650002F2D3 /* Tabs */ = {
			isa = PBXGroup;
			children = (
				D14BF21B22C816E20002F2D3 /* Tabs.storyboard */,
				D14BF1EF22C61E660002F2D3 /* Explore */,
				D14BF1EE22C61E210002F2D3 /* Favorites */,
			);
			path = Tabs;
			sourceTree = "<group>";
		};
		D14BF1E422C61C650002F2D3 /* Application */ = {
			isa = PBXGroup;
			children = (
				D14BF1E522C61C650002F2D3 /* AppDelegate.swift */,
			);
			path = Application;
			sourceTree = "<group>";
		};
		D14BF1E622C61C650002F2D3 /* Common */ = {
			isa = PBXGroup;
			children = (
				D14BF1F022C61EBF0002F2D3 /* Core */,
				D14BF1ED22C61E020002F2D3 /* Extensions */,
				D14BF20922C634D40002F2D3 /* JSON */,
				D14BF1E722C61C650002F2D3 /* Network */,
				D14BF21F22C823650002F2D3 /* Protocols */,
			);
			path = Common;
			sourceTree = "<group>";
		};
		D14BF1E722C61C650002F2D3 /* Network */ = {
			isa = PBXGroup;
			children = (
				D14BF20522C633050002F2D3 /* API.swift */,
				D14BF20722C633140002F2D3 /* ServiceManager.swift */,
			);
			path = Network;
			sourceTree = "<group>";
		};
		D14BF1E822C61C650002F2D3 /* Model */ = {
			isa = PBXGroup;
			children = (
				D14BF20222C626CB0002F2D3 /* Store+CoreDataClass.swift */,
				D14BF20122C626CB0002F2D3 /* Store+CoreDataProperties.swift */,
				D14BF1E922C61C650002F2D3 /* DoorDashLab.xcdatamodeld */,
			);
			path = Model;
			sourceTree = "<group>";
		};
		D14BF1ED22C61E020002F2D3 /* Extensions */ = {
			isa = PBXGroup;
			children = (
				D14BF21722C77AC50002F2D3 /* MKAnnotationView+Extension.swift */,
				D14BF21D22C81D9A0002F2D3 /* UIViewController+Alerts.swift */,
			);
			path = Extensions;
			sourceTree = "<group>";
		};
		D14BF1EE22C61E210002F2D3 /* Favorites */ = {
			isa = PBXGroup;
			children = (
				D14BF1F522C61F780002F2D3 /* FavoritesViewController.swift */,
				D14BF1F722C61F860002F2D3 /* FavoritesViewController.storyboard */,
			);
			path = Favorites;
			sourceTree = "<group>";
		};
		D14BF1EF22C61E660002F2D3 /* Explore */ = {
			isa = PBXGroup;
			children = (
				D14BF1F322C61F570002F2D3 /* ExploreViewController.swift */,
				D14BF1F922C61F990002F2D3 /* ExploreViewController.storyboard */,
				D14BF21922C80E870002F2D3 /* ExploreTableCell.swift */,
			);
			path = Explore;
			sourceTree = "<group>";
		};
		D14BF1F022C61EBF0002F2D3 /* Core */ = {
			isa = PBXGroup;
			children = (
				D14BF21222C773CC0002F2D3 /* MapUtility */,
				D14BF20C22C63EB20002F2D3 /* URLImage.swift */,
				D14BF20E22C6C8D10002F2D3 /* SplitViewController.swift */,
			);
			path = Core;
			sourceTree = "<group>";
		};
		D14BF20922C634D40002F2D3 /* JSON */ = {
			isa = PBXGroup;
			children = (
				D14BF20A22C634EC0002F2D3 /* JsonUtility.swift */,
			);
			path = JSON;
			sourceTree = "<group>";
		};
		D14BF21222C773CC0002F2D3 /* MapUtility */ = {
			isa = PBXGroup;
			children = (
				D14BF21322C774070002F2D3 /* SpotLocatoinService.swift */,
				D14BF21522C7751D0002F2D3 /* DraggablePlacemark.swift */,
			);
			path = MapUtility;
			sourceTree = "<group>";
		};
		D14BF21F22C823650002F2D3 /* Protocols */ = {
			isa = PBXGroup;
			children = (
				D14BF22022C823A00002F2D3 /* SizeClass.swift */,
				D14BF22222C8C5150002F2D3 /* DDNavigationBarAppearance.swift */,
			);
			path = Protocols;
			sourceTree = "<group>";
		};
/* End PBXGroup section */

/* Begin PBXNativeTarget section */
		D14BF1B922C61ABF0002F2D3 /* DoorDashLab */ = {
			isa = PBXNativeTarget;
			buildConfigurationList = D14BF1DC22C61AC10002F2D3 /* Build configuration list for PBXNativeTarget "DoorDashLab" */;
			buildPhases = (
				8317788C9FBE0EDC9892FA8B /* [CP] Check Pods Manifest.lock */,
				D14BF1B622C61ABF0002F2D3 /* Sources */,
				D14BF1B722C61ABF0002F2D3 /* Frameworks */,
				D14BF1B822C61ABF0002F2D3 /* Resources */,
				DD1CAB909D7DE584F45C11B6 /* [CP] Embed Pods Frameworks */,
			);
			buildRules = (
			);
			dependencies = (
			);
			name = DoorDashLab;
			productName = DoorDashLab;
			productReference = D14BF1BA22C61ABF0002F2D3 /* DoorDashLab.app */;
			productType = "com.apple.product-type.application";
		};
		D14BF1D222C61AC10002F2D3 /* DoorDashLabTests */ = {
			isa = PBXNativeTarget;
			buildConfigurationList = D14BF1DF22C61AC10002F2D3 /* Build configuration list for PBXNativeTarget "DoorDashLabTests" */;
			buildPhases = (
				05F47FD3C9ABB06049C5A47B /* [CP] Check Pods Manifest.lock */,
				D14BF1CF22C61AC10002F2D3 /* Sources */,
				D14BF1D022C61AC10002F2D3 /* Frameworks */,
				D14BF1D122C61AC10002F2D3 /* Resources */,
			);
			buildRules = (
			);
			dependencies = (
				D14BF1D522C61AC10002F2D3 /* PBXTargetDependency */,
			);
			name = DoorDashLabTests;
			productName = DoorDashLabTests;
			productReference = D14BF1D322C61AC10002F2D3 /* DoorDashLabTests.xctest */;
			productType = "com.apple.product-type.bundle.unit-test";
		};
/* End PBXNativeTarget section */

/* Begin PBXProject section */
		D14BF1B222C61ABF0002F2D3 /* Project object */ = {
			isa = PBXProject;
			attributes = {
				LastSwiftUpdateCheck = 1020;
				LastUpgradeCheck = 1020;
				ORGANIZATIONNAME = "Gigabit LLC";
				TargetAttributes = {
					D14BF1B922C61ABF0002F2D3 = {
						CreatedOnToolsVersion = 10.2.1;
					};
					D14BF1D222C61AC10002F2D3 = {
						CreatedOnToolsVersion = 10.2.1;
						LastSwiftMigration = 1020;
						TestTargetID = D14BF1B922C61ABF0002F2D3;
					};
				};
			};
			buildConfigurationList = D14BF1B522C61ABF0002F2D3 /* Build configuration list for PBXProject "DoorDashLab" */;
			compatibilityVersion = "Xcode 9.3";
			developmentRegion = en;
			hasScannedForEncodings = 0;
			knownRegions = (
				en,
				Base,
			);
			mainGroup = D14BF1B122C61ABF0002F2D3;
			productRefGroup = D14BF1BB22C61ABF0002F2D3 /* Products */;
			projectDirPath = "";
			projectRoot = "";
			targets = (
				D14BF1B922C61ABF0002F2D3 /* DoorDashLab */,
				D14BF1D222C61AC10002F2D3 /* DoorDashLabTests */,
			);
		};
/* End PBXProject section */

/* Begin PBXResourcesBuildPhase section */
		D14BF1B822C61ABF0002F2D3 /* Resources */ = {
			isa = PBXResourcesBuildPhase;
			buildActionMask = 2147483647;
			files = (
				D14BF1CD22C61AC10002F2D3 /* LaunchScreen.storyboard in Resources */,
				D14BF1CA22C61AC10002F2D3 /* Assets.xcassets in Resources */,
				D14BF21C22C816E20002F2D3 /* Tabs.storyboard in Resources */,
				D14BF22F22CA91E70002F2D3 /* MapAnnotation.xib in Resources */,
				D14BF1FC22C6210E0002F2D3 /* ExploreMapViewController.storyboard in Resources */,
				D14BF1C822C61ABF0002F2D3 /* Main.storyboard in Resources */,
				D14BF1FA22C61F990002F2D3 /* ExploreViewController.storyboard in Resources */,
				D14BF1F822C61F860002F2D3 /* FavoritesViewController.storyboard in Resources */,
			);
			runOnlyForDeploymentPostprocessing = 0;
		};
		D14BF1D122C61AC10002F2D3 /* Resources */ = {
			isa = PBXResourcesBuildPhase;
			buildActionMask = 2147483647;
			files = (
			);
			runOnlyForDeploymentPostprocessing = 0;
		};
/* End PBXResourcesBuildPhase section */

/* Begin PBXShellScriptBuildPhase section */
		05F47FD3C9ABB06049C5A47B /* [CP] Check Pods Manifest.lock */ = {
			isa = PBXShellScriptBuildPhase;
			buildActionMask = 2147483647;
			files = (
			);
			inputPaths = (
				"${PODS_PODFILE_DIR_PATH}/Podfile.lock",
				"${PODS_ROOT}/Manifest.lock",
			);
			name = "[CP] Check Pods Manifest.lock";
			outputPaths = (
				"$(DERIVED_FILE_DIR)/Pods-DoorDashLabTests-checkManifestLockResult.txt",
			);
			runOnlyForDeploymentPostprocessing = 0;
			shellPath = /bin/sh;
			shellScript = "diff \"${PODS_PODFILE_DIR_PATH}/Podfile.lock\" \"${PODS_ROOT}/Manifest.lock\" > /dev/null\nif [ $? != 0 ] ; then\n    # print error to STDERR\n    echo \"error: The sandbox is not in sync with the Podfile.lock. Run 'pod install' or update your CocoaPods installation.\" >&2\n    exit 1\nfi\n# This output is used by Xcode 'outputs' to avoid re-running this script phase.\necho \"SUCCESS\" > \"${SCRIPT_OUTPUT_FILE_0}\"\n";
			showEnvVarsInLog = 0;
		};
		8317788C9FBE0EDC9892FA8B /* [CP] Check Pods Manifest.lock */ = {
			isa = PBXShellScriptBuildPhase;
			buildActionMask = 2147483647;
			files = (
			);
			inputPaths = (
				"${PODS_PODFILE_DIR_PATH}/Podfile.lock",
				"${PODS_ROOT}/Manifest.lock",
			);
			name = "[CP] Check Pods Manifest.lock";
			outputPaths = (
				"$(DERIVED_FILE_DIR)/Pods-DoorDashLab-checkManifestLockResult.txt",
			);
			runOnlyForDeploymentPostprocessing = 0;
			shellPath = /bin/sh;
			shellScript = "diff \"${PODS_PODFILE_DIR_PATH}/Podfile.lock\" \"${PODS_ROOT}/Manifest.lock\" > /dev/null\nif [ $? != 0 ] ; then\n    # print error to STDERR\n    echo \"error: The sandbox is not in sync with the Podfile.lock. Run 'pod install' or update your CocoaPods installation.\" >&2\n    exit 1\nfi\n# This output is used by Xcode 'outputs' to avoid re-running this script phase.\necho \"SUCCESS\" > \"${SCRIPT_OUTPUT_FILE_0}\"\n";
			showEnvVarsInLog = 0;
		};
		DD1CAB909D7DE584F45C11B6 /* [CP] Embed Pods Frameworks */ = {
			isa = PBXShellScriptBuildPhase;
			buildActionMask = 2147483647;
			files = (
			);
			inputPaths = (
				"${SRCROOT}/Pods/Target Support Files/Pods-DoorDashLab/Pods-DoorDashLab-frameworks.sh",
				"${BUILT_PRODUCTS_DIR}/Alamofire/Alamofire.framework",
				"${BUILT_PRODUCTS_DIR}/MagicalRecord-framework/MagicalRecord.framework",
			);
			name = "[CP] Embed Pods Frameworks";
			outputPaths = (
				"${TARGET_BUILD_DIR}/${FRAMEWORKS_FOLDER_PATH}/Alamofire.framework",
				"${TARGET_BUILD_DIR}/${FRAMEWORKS_FOLDER_PATH}/MagicalRecord.framework",
			);
			runOnlyForDeploymentPostprocessing = 0;
			shellPath = /bin/sh;
			shellScript = "\"${SRCROOT}/Pods/Target Support Files/Pods-DoorDashLab/Pods-DoorDashLab-frameworks.sh\"\n";
			showEnvVarsInLog = 0;
		};
/* End PBXShellScriptBuildPhase section */

/* Begin PBXSourcesBuildPhase section */
		D14BF1B622C61ABF0002F2D3 /* Sources */ = {
			isa = PBXSourcesBuildPhase;
			buildActionMask = 2147483647;
			files = (
				D14BF21622C7751D0002F2D3 /* DraggablePlacemark.swift in Sources */,
				D14BF22122C823A00002F2D3 /* SizeClass.swift in Sources */,
				D14BF1F622C61F780002F2D3 /* FavoritesViewController.swift in Sources */,
				D14BF20322C626CB0002F2D3 /* Store+CoreDataProperties.swift in Sources */,
				D14BF1EC22C61C650002F2D3 /* DoorDashLab.xcdatamodeld in Sources */,
				D14BF21422C774070002F2D3 /* SpotLocatoinService.swift in Sources */,
				D14BF1F222C61F010002F2D3 /* ExploreMapViewController.swift in Sources */,
				D14BF1EB22C61C650002F2D3 /* AppDelegate.swift in Sources */,
				D14BF20822C633140002F2D3 /* ServiceManager.swift in Sources */,
				D14BF21A22C80E870002F2D3 /* ExploreTableCell.swift in Sources */,
				D14BF20B22C634EC0002F2D3 /* JsonUtility.swift in Sources */,
				D14BF20422C626CB0002F2D3 /* Store+CoreDataClass.swift in Sources */,
				D14BF23122CA943E0002F2D3 /* MapPinAnnotationView.swift in Sources */,
				D14BF20622C633050002F2D3 /* API.swift in Sources */,
				D14BF21822C77AC50002F2D3 /* MKAnnotationView+Extension.swift in Sources */,
				D14BF21E22C81D9A0002F2D3 /* UIViewController+Alerts.swift in Sources */,
				D14BF1F422C61F570002F2D3 /* ExploreViewController.swift in Sources */,
				D14BF20D22C63EB20002F2D3 /* URLImage.swift in Sources */,
				D14BF20F22C6C8D10002F2D3 /* SplitViewController.swift in Sources */,
				D14BF22322C8C5150002F2D3 /* DDNavigationBarAppearance.swift in Sources */,
			);
			runOnlyForDeploymentPostprocessing = 0;
		};
		D14BF1CF22C61AC10002F2D3 /* Sources */ = {
			isa = PBXSourcesBuildPhase;
			buildActionMask = 2147483647;
			files = (
				D14BF22D22C904290002F2D3 /* ExploreViewControllerTests.swift in Sources */,
				D14BF22922C8F5BA0002F2D3 /* SpotLocatoinServiceTests.swift in Sources */,
				D14BF22B22C8F72D0002F2D3 /* ExploreMapViewControllerTests.swift in Sources */,
			);
			runOnlyForDeploymentPostprocessing = 0;
		};
/* End PBXSourcesBuildPhase section */

/* Begin PBXTargetDependency section */
		D14BF1D522C61AC10002F2D3 /* PBXTargetDependency */ = {
			isa = PBXTargetDependency;
			target = D14BF1B922C61ABF0002F2D3 /* DoorDashLab */;
			targetProxy = D14BF1D422C61AC10002F2D3 /* PBXContainerItemProxy */;
		};
/* End PBXTargetDependency section */

/* Begin PBXVariantGroup section */
		D14BF1C622C61ABF0002F2D3 /* Main.storyboard */ = {
			isa = PBXVariantGroup;
			children = (
				D14BF1C722C61ABF0002F2D3 /* Base */,
			);
			name = Main.storyboard;
			sourceTree = "<group>";
		};
		D14BF1CB22C61AC10002F2D3 /* LaunchScreen.storyboard */ = {
			isa = PBXVariantGroup;
			children = (
				D14BF1CC22C61AC10002F2D3 /* Base */,
			);
			name = LaunchScreen.storyboard;
			sourceTree = "<group>";
		};
/* End PBXVariantGroup section */

/* Begin XCBuildConfiguration section */
		D14BF1DA22C61AC10002F2D3 /* Debug */ = {
			isa = XCBuildConfiguration;
			buildSettings = {
				ALWAYS_SEARCH_USER_PATHS = NO;
				CLANG_ANALYZER_NONNULL = YES;
				CLANG_ANALYZER_NUMBER_OBJECT_CONVERSION = YES_AGGRESSIVE;
				CLANG_CXX_LANGUAGE_STANDARD = "gnu++14";
				CLANG_CXX_LIBRARY = "libc++";
				CLANG_ENABLE_MODULES = YES;
				CLANG_ENABLE_OBJC_ARC = YES;
				CLANG_ENABLE_OBJC_WEAK = YES;
				CLANG_WARN_BLOCK_CAPTURE_AUTORELEASING = YES;
				CLANG_WARN_BOOL_CONVERSION = YES;
				CLANG_WARN_COMMA = YES;
				CLANG_WARN_CONSTANT_CONVERSION = YES;
				CLANG_WARN_DEPRECATED_OBJC_IMPLEMENTATIONS = YES;
				CLANG_WARN_DIRECT_OBJC_ISA_USAGE = YES_ERROR;
				CLANG_WARN_DOCUMENTATION_COMMENTS = YES;
				CLANG_WARN_EMPTY_BODY = YES;
				CLANG_WARN_ENUM_CONVERSION = YES;
				CLANG_WARN_INFINITE_RECURSION = YES;
				CLANG_WARN_INT_CONVERSION = YES;
				CLANG_WARN_NON_LITERAL_NULL_CONVERSION = YES;
				CLANG_WARN_OBJC_IMPLICIT_RETAIN_SELF = YES;
				CLANG_WARN_OBJC_LITERAL_CONVERSION = YES;
				CLANG_WARN_OBJC_ROOT_CLASS = YES_ERROR;
				CLANG_WARN_RANGE_LOOP_ANALYSIS = YES;
				CLANG_WARN_STRICT_PROTOTYPES = YES;
				CLANG_WARN_SUSPICIOUS_MOVE = YES;
				CLANG_WARN_UNGUARDED_AVAILABILITY = YES_AGGRESSIVE;
				CLANG_WARN_UNREACHABLE_CODE = YES;
				CLANG_WARN__DUPLICATE_METHOD_MATCH = YES;
				CODE_SIGN_IDENTITY = "iPhone Developer";
				COPY_PHASE_STRIP = NO;
				DEBUG_INFORMATION_FORMAT = dwarf;
				ENABLE_STRICT_OBJC_MSGSEND = YES;
				ENABLE_TESTABILITY = YES;
				GCC_C_LANGUAGE_STANDARD = gnu11;
				GCC_DYNAMIC_NO_PIC = NO;
				GCC_NO_COMMON_BLOCKS = YES;
				GCC_OPTIMIZATION_LEVEL = 0;
				GCC_PREPROCESSOR_DEFINITIONS = (
					"DEBUG=1",
					"$(inherited)",
				);
				GCC_WARN_64_TO_32_BIT_CONVERSION = YES;
				GCC_WARN_ABOUT_RETURN_TYPE = YES_ERROR;
				GCC_WARN_UNDECLARED_SELECTOR = YES;
				GCC_WARN_UNINITIALIZED_AUTOS = YES_AGGRESSIVE;
				GCC_WARN_UNUSED_FUNCTION = YES;
				GCC_WARN_UNUSED_VARIABLE = YES;
				IPHONEOS_DEPLOYMENT_TARGET = 12.2;
				MTL_ENABLE_DEBUG_INFO = INCLUDE_SOURCE;
				MTL_FAST_MATH = YES;
				ONLY_ACTIVE_ARCH = YES;
				SDKROOT = iphoneos;
				SWIFT_ACTIVE_COMPILATION_CONDITIONS = DEBUG;
				SWIFT_OPTIMIZATION_LEVEL = "-Onone";
			};
			name = Debug;
		};
		D14BF1DB22C61AC10002F2D3 /* Release */ = {
			isa = XCBuildConfiguration;
			buildSettings = {
				ALWAYS_SEARCH_USER_PATHS = NO;
				CLANG_ANALYZER_NONNULL = YES;
				CLANG_ANALYZER_NUMBER_OBJECT_CONVERSION = YES_AGGRESSIVE;
				CLANG_CXX_LANGUAGE_STANDARD = "gnu++14";
				CLANG_CXX_LIBRARY = "libc++";
				CLANG_ENABLE_MODULES = YES;
				CLANG_ENABLE_OBJC_ARC = YES;
				CLANG_ENABLE_OBJC_WEAK = YES;
				CLANG_WARN_BLOCK_CAPTURE_AUTORELEASING = YES;
				CLANG_WARN_BOOL_CONVERSION = YES;
				CLANG_WARN_COMMA = YES;
				CLANG_WARN_CONSTANT_CONVERSION = YES;
				CLANG_WARN_DEPRECATED_OBJC_IMPLEMENTATIONS = YES;
				CLANG_WARN_DIRECT_OBJC_ISA_USAGE = YES_ERROR;
				CLANG_WARN_DOCUMENTATION_COMMENTS = YES;
				CLANG_WARN_EMPTY_BODY = YES;
				CLANG_WARN_ENUM_CONVERSION = YES;
				CLANG_WARN_INFINITE_RECURSION = YES;
				CLANG_WARN_INT_CONVERSION = YES;
				CLANG_WARN_NON_LITERAL_NULL_CONVERSION = YES;
				CLANG_WARN_OBJC_IMPLICIT_RETAIN_SELF = YES;
				CLANG_WARN_OBJC_LITERAL_CONVERSION = YES;
				CLANG_WARN_OBJC_ROOT_CLASS = YES_ERROR;
				CLANG_WARN_RANGE_LOOP_ANALYSIS = YES;
				CLANG_WARN_STRICT_PROTOTYPES = YES;
				CLANG_WARN_SUSPICIOUS_MOVE = YES;
				CLANG_WARN_UNGUARDED_AVAILABILITY = YES_AGGRESSIVE;
				CLANG_WARN_UNREACHABLE_CODE = YES;
				CLANG_WARN__DUPLICATE_METHOD_MATCH = YES;
				CODE_SIGN_IDENTITY = "iPhone Developer";
				COPY_PHASE_STRIP = NO;
				DEBUG_INFORMATION_FORMAT = "dwarf-with-dsym";
				ENABLE_NS_ASSERTIONS = NO;
				ENABLE_STRICT_OBJC_MSGSEND = YES;
				GCC_C_LANGUAGE_STANDARD = gnu11;
				GCC_NO_COMMON_BLOCKS = YES;
				GCC_WARN_64_TO_32_BIT_CONVERSION = YES;
				GCC_WARN_ABOUT_RETURN_TYPE = YES_ERROR;
				GCC_WARN_UNDECLARED_SELECTOR = YES;
				GCC_WARN_UNINITIALIZED_AUTOS = YES_AGGRESSIVE;
				GCC_WARN_UNUSED_FUNCTION = YES;
				GCC_WARN_UNUSED_VARIABLE = YES;
				IPHONEOS_DEPLOYMENT_TARGET = 12.2;
				MTL_ENABLE_DEBUG_INFO = NO;
				MTL_FAST_MATH = YES;
				SDKROOT = iphoneos;
				SWIFT_COMPILATION_MODE = wholemodule;
				SWIFT_OPTIMIZATION_LEVEL = "-O";
				VALIDATE_PRODUCT = YES;
			};
			name = Release;
		};
		D14BF1DD22C61AC10002F2D3 /* Debug */ = {
			isa = XCBuildConfiguration;
			baseConfigurationReference = 6E6FF991E4FA613E1D93BC94 /* Pods-DoorDashLab.debug.xcconfig */;
			buildSettings = {
				ASSETCATALOG_COMPILER_APPICON_NAME = AppIcon;
				CODE_SIGN_STYLE = Automatic;
				DEVELOPMENT_TEAM = MX6EDE7QQU;
				INFOPLIST_FILE = DoorDashLab/Info.plist;
				LD_RUNPATH_SEARCH_PATHS = (
					"$(inherited)",
					"@executable_path/Frameworks",
				);
				PRODUCT_BUNDLE_IDENTIFIER = com.gigabit.DoorDashLab;
				PRODUCT_NAME = "$(TARGET_NAME)";
				SWIFT_VERSION = 5.0;
				TARGETED_DEVICE_FAMILY = "1,2";
			};
			name = Debug;
		};
		D14BF1DE22C61AC10002F2D3 /* Release */ = {
			isa = XCBuildConfiguration;
			baseConfigurationReference = 144A9E007DF173129534A2CB /* Pods-DoorDashLab.release.xcconfig */;
			buildSettings = {
				ASSETCATALOG_COMPILER_APPICON_NAME = AppIcon;
				CODE_SIGN_STYLE = Automatic;
				DEVELOPMENT_TEAM = MX6EDE7QQU;
				INFOPLIST_FILE = DoorDashLab/Info.plist;
				LD_RUNPATH_SEARCH_PATHS = (
					"$(inherited)",
					"@executable_path/Frameworks",
				);
				PRODUCT_BUNDLE_IDENTIFIER = com.gigabit.DoorDashLab;
				PRODUCT_NAME = "$(TARGET_NAME)";
				SWIFT_VERSION = 5.0;
				TARGETED_DEVICE_FAMILY = "1,2";
			};
			name = Release;
		};
		D14BF1E022C61AC10002F2D3 /* Debug */ = {
			isa = XCBuildConfiguration;
			baseConfigurationReference = 95DDC2C609E75232BA3E19DE /* Pods-DoorDashLabTests.debug.xcconfig */;
			buildSettings = {
				ALWAYS_EMBED_SWIFT_STANDARD_LIBRARIES = YES;
				BUNDLE_LOADER = "$(TEST_HOST)";
				CLANG_ENABLE_MODULES = YES;
				CODE_SIGN_STYLE = Automatic;
				DEVELOPMENT_TEAM = MX6EDE7QQU;
				INFOPLIST_FILE = DoorDashLabTests/Info.plist;
				LD_RUNPATH_SEARCH_PATHS = (
					"$(inherited)",
					"@executable_path/Frameworks",
					"@loader_path/Frameworks",
				);
				PRODUCT_BUNDLE_IDENTIFIER = com.gigabit.DoorDashLabTests;
				PRODUCT_NAME = "$(TARGET_NAME)";
				SWIFT_OPTIMIZATION_LEVEL = "-Onone";
				SWIFT_VERSION = 5.0;
				TARGETED_DEVICE_FAMILY = "1,2";
				TEST_HOST = "$(BUILT_PRODUCTS_DIR)/DoorDashLab.app/DoorDashLab";
			};
			name = Debug;
		};
		D14BF1E122C61AC10002F2D3 /* Release */ = {
			isa = XCBuildConfiguration;
			baseConfigurationReference = 227CCC7265DE4F156C0EB11F /* Pods-DoorDashLabTests.release.xcconfig */;
			buildSettings = {
				ALWAYS_EMBED_SWIFT_STANDARD_LIBRARIES = YES;
				BUNDLE_LOADER = "$(TEST_HOST)";
				CLANG_ENABLE_MODULES = YES;
				CODE_SIGN_STYLE = Automatic;
				DEVELOPMENT_TEAM = MX6EDE7QQU;
				INFOPLIST_FILE = DoorDashLabTests/Info.plist;
				LD_RUNPATH_SEARCH_PATHS = (
					"$(inherited)",
					"@executable_path/Frameworks",
					"@loader_path/Frameworks",
				);
				PRODUCT_BUNDLE_IDENTIFIER = com.gigabit.DoorDashLabTests;
				PRODUCT_NAME = "$(TARGET_NAME)";
				SWIFT_VERSION = 5.0;
				TARGETED_DEVICE_FAMILY = "1,2";
				TEST_HOST = "$(BUILT_PRODUCTS_DIR)/DoorDashLab.app/DoorDashLab";
			};
			name = Release;
		};
/* End XCBuildConfiguration section */

/* Begin XCConfigurationList section */
		D14BF1B522C61ABF0002F2D3 /* Build configuration list for PBXProject "DoorDashLab" */ = {
			isa = XCConfigurationList;
			buildConfigurations = (
				D14BF1DA22C61AC10002F2D3 /* Debug */,
				D14BF1DB22C61AC10002F2D3 /* Release */,
			);
			defaultConfigurationIsVisible = 0;
			defaultConfigurationName = Release;
		};
		D14BF1DC22C61AC10002F2D3 /* Build configuration list for PBXNativeTarget "DoorDashLab" */ = {
			isa = XCConfigurationList;
			buildConfigurations = (
				D14BF1DD22C61AC10002F2D3 /* Debug */,
				D14BF1DE22C61AC10002F2D3 /* Release */,
			);
			defaultConfigurationIsVisible = 0;
			defaultConfigurationName = Release;
		};
		D14BF1DF22C61AC10002F2D3 /* Build configuration list for PBXNativeTarget "DoorDashLabTests" */ = {
			isa = XCConfigurationList;
			buildConfigurations = (
				D14BF1E022C61AC10002F2D3 /* Debug */,
				D14BF1E122C61AC10002F2D3 /* Release */,
			);
			defaultConfigurationIsVisible = 0;
			defaultConfigurationName = Release;
		};
/* End XCConfigurationList section */

/* Begin XCVersionGroup section */
		D14BF1E922C61C650002F2D3 /* DoorDashLab.xcdatamodeld */ = {
			isa = XCVersionGroup;
			children = (
				D14BF1EA22C61C650002F2D3 /* DoorDashLab.xcdatamodel */,
			);
			currentVersion = D14BF1EA22C61C650002F2D3 /* DoorDashLab.xcdatamodel */;
			path = DoorDashLab.xcdatamodeld;
			sourceTree = "<group>";
			versionGroupType = wrapper.xcdatamodel;
		};
/* End XCVersionGroup section */
	};
	rootObject = D14BF1B222C61ABF0002F2D3 /* Project object */;
}
